
Microsoft Visual Studio Solution File, Format Version 12.00
# Visual Studio Version 16
VisualStudioVersion = 16.0.30517.126
MinimumVisualStudioVersion = 10.0.40219.1
Project("{FAE04EC0-301F-11D3-BF4B-00C04F79EFBC}") = "Dados", "Dados.csproj", "{B3070132-7D73-43BE-996F-7882932EAB75}"
EndProject
Project("{FAE04EC0-301F-11D3-BF4B-00C04F79EFBC}") = "UI", "UI\UI.csproj", "{4D1D1A61-ECD8-4A6D-9FFE-C219E16C2704}"
EndProject
Project("{FAE04EC0-301F-11D3-BF4B-00C04F79EFBC}") = "Business", "Business\Business.csproj", "{B2925A08-F70B-4195-AEAA-D5B668007AC3}"
EndProject
Project("{FAE04EC0-301F-11D3-BF4B-00C04F79EFBC}") = "BuscaCep.Teste", "UnitTest\BuscaCep.Teste.csproj", "{BD694B0A-9920-44A5-A599-1CCA672A195C}"
EndProject
Project("{FAE04EC0-301F-11D3-BF4B-00C04F79EFBC}") = "BuscaCep", "ViaCep\BuscaCep.csproj", "{80A1E73A-E3F9-448D-9816-0D4736CD8372}"
EndProject
Global
	GlobalSection(SolutionConfigurationPlatforms) = preSolution
		Debug|Any CPU = Debug|Any CPU
		Release|Any CPU = Release|Any CPU
	EndGlobalSection
	GlobalSection(ProjectConfigurationPlatforms) = postSolution
		{B3070132-7D73-43BE-996F-7882932EAB75}.Debug|Any CPU.ActiveCfg = Debug|Any CPU
		{B3070132-7D73-43BE-996F-7882932EAB75}.Debug|Any CPU.Build.0 = Debug|Any CPU
		{B3070132-7D73-43BE-996F-7882932EAB75}.Release|Any CPU.ActiveCfg = Release|Any CPU
		{B3070132-7D73-43BE-996F-7882932EAB75}.Release|Any CPU.Build.0 = Release|Any CPU
		{4D1D1A61-ECD8-4A6D-9FFE-C219E16C2704}.Debug|Any CPU.ActiveCfg = Debug|Any CPU
		{4D1D1A61-ECD8-4A6D-9FFE-C219E16C2704}.Debug|Any CPU.Build.0 = Debug|Any CPU
		{4D1D1A61-ECD8-4A6D-9FFE-C219E16C2704}.Release|Any CPU.ActiveCfg = Release|Any CPU
		{4D1D1A61-ECD8-4A6D-9FFE-C219E16C2704}.Release|Any CPU.Build.0 = Release|Any CPU
		{B2925A08-F70B-4195-AEAA-D5B668007AC3}.Debug|Any CPU.ActiveCfg = Debug|Any CPU
		{B2925A08-F70B-4195-AEAA-D5B668007AC3}.Debug|Any CPU.Build.0 = Debug|Any CPU
		{B2925A08-F70B-4195-AEAA-D5B668007AC3}.Release|Any CPU.ActiveCfg = Release|Any CPU
		{B2925A08-F70B-4195-AEAA-D5B668007AC3}.Release|Any CPU.Build.0 = Release|Any CPU
		{BD694B0A-9920-44A5-A599-1CCA672A195C}.Debug|Any CPU.ActiveCfg = Debug|Any CPU
		{BD694B0A-9920-44A5-A599-1CCA672A195C}.Debug|Any CPU.Build.0 = Debug|Any CPU
		{BD694B0A-9920-44A5-A599-1CCA672A195C}.Release|Any CPU.ActiveCfg = Release|Any CPU
		{BD694B0A-9920-44A5-A599-1CCA672A195C}.Release|Any CPU.Build.0 = Release|Any CPU
		{80A1E73A-E3F9-448D-9816-0D4736CD8372}.Debug|Any CPU.ActiveCfg = Debug|Any CPU
		{80A1E73A-E3F9-448D-9816-0D4736CD8372}.Debug|Any CPU.Build.0 = Debug|Any CPU
		{80A1E73A-E3F9-448D-9816-0D4736CD8372}.Release|Any CPU.ActiveCfg = Release|Any CPU
		{80A1E73A-E3F9-448D-9816-0D4736CD8372}.Release|Any CPU.Build.0 = Release|Any CPU
	EndGlobalSection
	GlobalSection(SolutionProperties) = preSolution
		HideSolutionNode = FALSE
	EndGlobalSection
	GlobalSection(ExtensibilityGlobals) = postSolution
		SolutionGuid = {52BF8089-0D5D-406B-B96F-82A1F92E0C05}
	EndGlobalSection
EndGlobal
